
Microsoft Visual Studio Solution File, Format Version 12.00
# Visual Studio Version 17
VisualStudioVersion = 17.11.35208.52
MinimumVisualStudioVersion = 10.0.40219.1
Project("{FAE04EC0-301F-11D3-BF4B-00C04F79EFBC}") = "Publisher", "MassTransitRabbitMq\Publisher.csproj", "{95282868-4F33-4225-98C6-92E2590B250C}"
EndProject
Project("{FAE04EC0-301F-11D3-BF4B-00C04F79EFBC}") = "Consumer", "Consumer\Consumer.csproj", "{2D1755C1-661E-46C2-84DC-1DF657046DD9}"
EndProject
Project("{FAE04EC0-301F-11D3-BF4B-00C04F79EFBC}") = "Shared", "Shared\Shared.csproj", "{56AD81C5-3F9B-459A-B84D-511389BCBCA6}"
EndProject
Global
	GlobalSection(SolutionConfigurationPlatforms) = preSolution
		Debug|Any CPU = Debug|Any CPU
		Release|Any CPU = Release|Any CPU
	EndGlobalSection
	GlobalSection(ProjectConfigurationPlatforms) = postSolution
		{95282868-4F33-4225-98C6-92E2590B250C}.Debug|Any CPU.ActiveCfg = Debug|Any CPU
		{95282868-4F33-4225-98C6-92E2590B250C}.Debug|Any CPU.Build.0 = Debug|Any CPU
		{95282868-4F33-4225-98C6-92E2590B250C}.Release|Any CPU.ActiveCfg = Release|Any CPU
		{95282868-4F33-4225-98C6-92E2590B250C}.Release|Any CPU.Build.0 = Release|Any CPU
		{2D1755C1-661E-46C2-84DC-1DF657046DD9}.Debug|Any CPU.ActiveCfg = Debug|Any CPU
		{2D1755C1-661E-46C2-84DC-1DF657046DD9}.Debug|Any CPU.Build.0 = Debug|Any CPU
		{2D1755C1-661E-46C2-84DC-1DF657046DD9}.Release|Any CPU.ActiveCfg = Release|Any CPU
		{2D1755C1-661E-46C2-84DC-1DF657046DD9}.Release|Any CPU.Build.0 = Release|Any CPU
		{56AD81C5-3F9B-459A-B84D-511389BCBCA6}.Debug|Any CPU.ActiveCfg = Debug|Any CPU
		{56AD81C5-3F9B-459A-B84D-511389BCBCA6}.Debug|Any CPU.Build.0 = Debug|Any CPU
		{56AD81C5-3F9B-459A-B84D-511389BCBCA6}.Release|Any CPU.ActiveCfg = Release|Any CPU
		{56AD81C5-3F9B-459A-B84D-511389BCBCA6}.Release|Any CPU.Build.0 = Release|Any CPU
	EndGlobalSection
	GlobalSection(SolutionProperties) = preSolution
		HideSolutionNode = FALSE
	EndGlobalSection
	GlobalSection(ExtensibilityGlobals) = postSolution
		SolutionGuid = {380F1BA4-90F5-47F5-970C-3A70D84AB410}
	EndGlobalSection
EndGlobal
